
Microsoft Visual Studio Solution File, Format Version 12.00
# Visual Studio Version 17
VisualStudioVersion = 17.6.33829.357
MinimumVisualStudioVersion = 10.0.40219.1
Project("{FAE04EC0-301F-11D3-BF4B-00C04F79EFBC}") = "ConsoleApp1", "ConsoleApp1.csproj", "{BABD8B6E-257F-4A01-9BDF-747D3C687893}"
EndProject
Global
	GlobalSection(SolutionConfigurationPlatforms) = preSolution
		Debug|Any CPU = Debug|Any CPU
		Release|Any CPU = Release|Any CPU
	EndGlobalSection
	GlobalSection(ProjectConfigurationPlatforms) = postSolution
		{BABD8B6E-257F-4A01-9BDF-747D3C687893}.Debug|Any CPU.ActiveCfg = Debug|Any CPU
		{BABD8B6E-257F-4A01-9BDF-747D3C687893}.Debug|Any CPU.Build.0 = Debug|Any CPU
		{BABD8B6E-257F-4A01-9BDF-747D3C687893}.Release|Any CPU.ActiveCfg = Release|Any CPU
		{BABD8B6E-257F-4A01-9BDF-747D3C687893}.Release|Any CPU.Build.0 = Release|Any CPU
	EndGlobalSection
	GlobalSection(SolutionProperties) = preSolution
		HideSolutionNode = FALSE
	EndGlobalSection
	GlobalSection(ExtensibilityGlobals) = postSolution
		SolutionGuid = {544EE2C5-6BE5-46C8-93A3-E798884B0230}
	EndGlobalSection
EndGlobal
